github.com/cpuguy83/go-md2man/v2 v2.0.6/go.mod h1:oOW0eioCTA6cOiMLiUPZOpcVxMig6NIQQ7OS05n1F4g=
github.com/davecgh/go-spew v1.1.1 h1:vj9j/u1bqnvCEfJOwUhtlOARqs3+rkHYY13jYWTU97c=
github.com/davecgh/go-spew v1.1.1/go.mod h1:J7Y8YcW2NihsgmVo/mv3lAwl/skON4iLHjSsI+c5H38=
github.com/go-think/openssl v1.20.0 h1:awyPzo559r0eOePQ35jLwXVjY0hws/2et+9OHQCEUZc=
github.com/go-think/openssl v1.20.0/go.mod h1:Ug+hrHD5ldaCqpHVuSaP1z/HogGbEtXEbUJmiHai+II=
github.com/google/go-cmp v0.7.0 h1:wk8382ETsv4JYUZwIsn6YpYiWiBsYLSJiTsyBybVuN8=
github.com/google/go-cmp v0.7.0/go.mod h1:pXiqmnSA92OHEEa9HXL2W4E7lf9JzCmGVUdgjX3N/iU=
github.com/inconshreveable/mousetrap v1.1.0 h1:wN+x4NVGpMsO7ErUn/mUI3vEoE6Jt13X2s0bqwp9tc8=
github.com/inconshreveable/mousetrap v1.1.0/go.mod h1:vpF70FUmC8bwa3OWnCshd2FqLfsEA9PFc4w1p2J65bw=
github.com/pmezard/go-difflib v1.0.0 h1:4DBwDE0NGyQoBHbLQYPwSUPoCMWR5BEzIk/f1lZbAQM=
github.com/pmezard/go-difflib v1.0.0/go.mod h1:iKH77koFhYxTK1pcRnkKkqfTogsbg7gZNVY4sRDYZ/4=
github.com/russross/blackfriday/v2 v2.1.0/go.mod h1:+Rmxgy9KzJVeS9/2gXHxylqXiyQDYRxCVz55jmeOWTM=
github.com/shopspring/decimal v1.4.0 h1:bxl37RwXBklmTi0C79JfXCEBD1cqqHt0bbgBAGFp81k=
github.com/shopspring/decimal v1.4.0/go.mod h1:gawqmDU56v4yIKSwfBSFip1HdCCXN8/+DMd9qYNcwME=
github.com/spf13/cobra v1.10.2 h1:DMTTonx5m65Ic0GOoRY2c16WCbHxOOw6xxezuLaBpcU=
github.com/spf13/cobra v1.10.2/go.mod h1:7C1pvHqHw5A4vrJfjNwvOdzYu0Gml16OCs2GRiTUUS4=
github.com/spf13/pflag v1.0.9/go.mod h1:McXfInJRrz4CZXVZOBLb0bTZqETkiAhM9Iw0y3An2Bg=
github.com/spf13/pflag v1.0.10 h1:4EBh2KAYBwaONj6b2Ye1GiHfwjqyROoF4RwYO+vPwFk=
github.com/spf13/pflag v1.0.10/go.mod h1:McXfInJRrz4CZXVZOBLb0bTZqETkiAhM9Iw0y3An2Bg=
github.com/stretchr/testify v1.11.0 h1:ib4sjIrwZKxE5u/Japgo/7SJV3PvgjGiRNAvTVGqQl8=
github.com/stretchr/testify v1.11.0/go.mod h1:wZwfW3scLgRK+23gO65QZefKpKQRnfz6sD981Nm4B6U=
github.com/xoctopus/confx v0.4.6-rc8 h1:TFgcmmJxy3m86VW2Ty6NRMSOjR0oJ1sifuGUAixSvjY=
github.com/xoctopus/confx v0.4.6-rc8/go.mod h1:R5MTDnvkXHx0L+DM2CXoL/w4FHg/czwWfos27dI/7Mo=
github.com/xoctopus/genx v0.2.2-rc2 h1:f/iua168kK5E8+uRB1nC4RE25Qq5L9VaQL0hpP+5eFM=
github.com/xoctopus/genx v0.2.2-rc2/go.mod h1:WjNvqYXbE35y3g+m7LpbJMfIzs+vU/QNrR1PSpxM21Y=
github.com/xoctopus/pkgx v0.4.0 h1:UggWgylEolP5XgUJiqM9RDWb233plM9+HZ0nHpL9sW0=
github.com/xoctopus/pkgx v0.4.0/go.mod h1:em2WG54yOB6jEJylzYm98A2+EH5PBev5mrJ18bVjGAM=
github.com/xoctopus/pkgx/testdata v1.0.1 h1:leTLg0jG7RPaewKV2doi77SYgNduTH+exm/xMLgcev0=
github.com/xoctopus/pkgx/testdata v1.0.1/go.mod h1:hM3Pd+eByHRAG1plTMLXVBFzEdYqG3h7B5sHvOu2+iU=
github.com/xoctopus/sqlx v0.3.1-rc4 h1:tpOCGt7VXypF8GoC7/pFxpmi2ROSGFu09kiOYC6DYSk=
github.com/xoctopus/sqlx v0.3.1-rc4/go.mod h1:Sa6Mb/W6KwZTZJ3awReHvkcjU7O4vQ4y0ocDcpF9FxY=
github.com/xoctopus/typx v0.4.3 h1:cI0T0Q0krtgfb49PZvUubewa3RxfNZqY1tPs0LJqA88=
github.com/xoctopus/typx v0.4.3/go.mod h1:SeBx8SL+J8MTHxWIV3tw5+y5PyLZFJhQOPLE31vz5dE=
github.com/xoctopus/x v0.4.9 h1:m6bkyMzBTTxcGnz99GJ4CvKBlCFU3K4CiQnpaeYA7PI=
github.com/xoctopus/x v0.4.9/go.mod h1:kin3VJXnfa6Jk/2gqhjoTzZ7uA9dQtPc37ViYAr2oP8=
go.yaml.in/yaml/v3 v3.0.4/go.mod h1:DhzuOOF2ATzADvBadXxruRBLzYTpT36CKvDb3+aBEFg=
golang.org/x/exp v0.0.0-20251219203646-944ab1f22d93 h1:fQsdNF2N+/YewlRZiricy4P1iimyPKZ/xwniHj8Q2a0=
golang.org/x/exp v0.0.0-20251219203646-944ab1f22d93/go.mod h1:EPRbTFwzwjXj9NpYyyrvenVh9Y+GFeEvMNh7Xuz7xgU=
golang.org/x/mod v0.37.0 h1:vF1DjpVEshcIqoEaauuHebaLk1O1forxjxBaVn884JQ=
golang.org/x/mod v0.37.0/go.mod h1:m8S8VeM9r4dzDwjrKO0a1sZP3YjeMamRRlD+fmR2Q/0=
golang.org/x/sync v0.21.0 h1:HLII4xRRTtCRkxYp4HNFF0Js/Og6q2i++KXbg0gHCwM=
golang.org/x/sync v0.21.0/go.mod h1:9xrNwdLfx4jkKbNva9FpL6vEN7evnE43NNNJQ2LF3+0=
golang.org/x/tools v0.46.0 h1:7jTurBkPZu4moS/Uy4OQT1M+QBlsj3wejyZwsT8Z7rk=
golang.org/x/tools v0.46.0/go.mod h1:FrD85F8l+NWL+9XWBSyVSHO6Ne4jutsfIFba7AWQ5Ys=
gopkg.in/check.v1 v0.0.0-20161208181325-20d25e280405/go.mod h1:Co6ibVJAznAaIkqp8huTwlJQCZ016jof/cbN4VW5Yz0=
gopkg.in/yaml.v3 v3.0.1 h1:fxVm/GzAzEWqLHuvctI91KS9hhNmmWOoWu0XTYJS7CA=
gopkg.in/yaml.v3 v3.0.1/go.mod h1:K4uyk7z7BCEPqu6E+C64Yfv1cQ7kz7rIZviUmN+EgEM=
