github.com/cpuguy83/go-md2man/v2 v2.0.6/go.mod h1:oOW0eioCTA6cOiMLiUPZOpcVxMig6NIQQ7OS05n1F4g=
github.com/davecgh/go-spew v1.1.1 h1:vj9j/u1bqnvCEfJOwUhtlOARqs3+rkHYY13jYWTU97c=
github.com/davecgh/go-spew v1.1.1/go.mod h1:J7Y8YcW2NihsgmVo/mv3lAwl/skON4iLHjSsI+c5H38=
github.com/go-think/openssl v1.21.0 h1:vgdeN8a8Gjytp7dhfZAn2ARfHni5HguoN5BxGJ3v8sw=
github.com/go-think/openssl v1.21.0/go.mod h1:Ug+hrHD5ldaCqpHVuSaP1z/HogGbEtXEbUJmiHai+II=
github.com/google/go-cmp v0.7.0 h1:wk8382ETsv4JYUZwIsn6YpYiWiBsYLSJiTsyBybVuN8=
github.com/google/go-cmp v0.7.0/go.mod h1:pXiqmnSA92OHEEa9HXL2W4E7lf9JzCmGVUdgjX3N/iU=
github.com/inconshreveable/mousetrap v1.1.0 h1:wN+x4NVGpMsO7ErUn/mUI3vEoE6Jt13X2s0bqwp9tc8=
github.com/inconshreveable/mousetrap v1.1.0/go.mod h1:vpF70FUmC8bwa3OWnCshd2FqLfsEA9PFc4w1p2J65bw=
github.com/pmezard/go-difflib v1.0.0 h1:4DBwDE0NGyQoBHbLQYPwSUPoCMWR5BEzIk/f1lZbAQM=
github.com/pmezard/go-difflib v1.0.0/go.mod h1:iKH77koFhYxTK1pcRnkKkqfTogsbg7gZNVY4sRDYZ/4=
github.com/russross/blackfriday/v2 v2.1.0/go.mod h1:+Rmxgy9KzJVeS9/2gXHxylqXiyQDYRxCVz55jmeOWTM=
github.com/spf13/cobra v1.10.2 h1:DMTTonx5m65Ic0GOoRY2c16WCbHxOOw6xxezuLaBpcU=
github.com/spf13/cobra v1.10.2/go.mod h1:7C1pvHqHw5A4vrJfjNwvOdzYu0Gml16OCs2GRiTUUS4=
github.com/spf13/pflag v1.0.9/go.mod h1:McXfInJRrz4CZXVZOBLb0bTZqETkiAhM9Iw0y3An2Bg=
github.com/spf13/pflag v1.0.10 h1:4EBh2KAYBwaONj6b2Ye1GiHfwjqyROoF4RwYO+vPwFk=
github.com/spf13/pflag v1.0.10/go.mod h1:McXfInJRrz4CZXVZOBLb0bTZqETkiAhM9Iw0y3An2Bg=
github.com/stretchr/testify v1.11.0 h1:ib4sjIrwZKxE5u/Japgo/7SJV3PvgjGiRNAvTVGqQl8=
github.com/stretchr/testify v1.11.0/go.mod h1:wZwfW3scLgRK+23gO65QZefKpKQRnfz6sD981Nm4B6U=
github.com/xoctopus/confx v0.5.3 h1:U4CLjsrPe9AyZ3wxcsvfivKUKaatbDnrLj5BOIgAmoI=
github.com/xoctopus/confx v0.5.3/go.mod h1:SB6xioNx+vMTDfFywS+pzSB2jbOWy0FmVaMQ6hENLv4=
github.com/xoctopus/genx v0.3.6 h1:7GDTiEvo7E61SvucQAGqdZUf5FKtvRQ1cmE2quTjETA=
github.com/xoctopus/genx v0.3.6/go.mod h1:WHm4LHMqCWZx/KxcylDzDB/e2ZPSFABlnprNQMno0e4=
github.com/xoctopus/pkgx v0.4.3 h1:JNmqpN37xEK0xxWz50JeikEdN66pdMmvpmQDErj1bKA=
github.com/xoctopus/pkgx v0.4.3/go.mod h1:NZOlsSMslh0oQwXSYe5J3/iLLpPqrpsYJKvVc7daMt0=
github.com/xoctopus/pkgx/testdata v1.0.4 h1:lbybNEnGMbnS43BuowOy4PoDD/c+5qfw1gb5HSvTae8=
github.com/xoctopus/pkgx/testdata v1.0.4/go.mod h1:hM3Pd+eByHRAG1plTMLXVBFzEdYqG3h7B5sHvOu2+iU=
github.com/xoctopus/typx v0.4.5 h1:vXh0UhD7GTCbX9Wt1dPjo/Zq+H1sRUk90Wj5FNsvrP8=
github.com/xoctopus/typx v0.4.5/go.mod h1:heYgwOXvrLaogIKcC5Bk5V2zgYlNV69fdyz0AJ0y58w=
github.com/xoctopus/x v0.5.5 h1:SZXv1DOU7J6cJM3/HM44hmGp3xNbvj8geJNZmKbpbkE=
github.com/xoctopus/x v0.5.5/go.mod h1:jSApSot3xHATyXYFNi0qRQTLRsW8BwyHpAOd/K/weNk=
go.yaml.in/yaml/v3 v3.0.4/go.mod h1:DhzuOOF2ATzADvBadXxruRBLzYTpT36CKvDb3+aBEFg=
golang.org/x/exp v0.0.0-20260611194520-c48552f49976 h1:X8Hz2ImujgbmetVuW+w2YkyZChE3cBpZi2P158rTG9M=
golang.org/x/exp v0.0.0-20260611194520-c48552f49976/go.mod h1:vnf4pv9iKZXY58sQE1L86zmNWJ4159e1RkcWiLCkeEY=
golang.org/x/mod v0.38.0 h1:MECBjubtXD7yj4HrhIUcywNaGeNVUdfVnxmPajOk4yk=
golang.org/x/mod v0.38.0/go.mod h1:V6Xz0pq8TQ3dGqVQ1FVHuelZpAL0uNhSkk9ogYP3c40=
golang.org/x/sync v0.22.0 h1:SZjpbeLmrCk4xhRSZFNZW5gFUeCeFgjekvI/+gfScek=
golang.org/x/sync v0.22.0/go.mod h1:9xrNwdLfx4jkKbNva9FpL6vEN7evnE43NNNJQ2LF3+0=
golang.org/x/tools v0.48.0 h1:3+hClM1aLL5mjMKm5ovokw9epgRXPuu2tILgismM6RE=
golang.org/x/tools v0.48.0/go.mod h1:08xX0orndb/F7jJxGDicx061tyd5pcMto75YMAXr6lk=
gopkg.in/check.v1 v0.0.0-20161208181325-20d25e280405/go.mod h1:Co6ibVJAznAaIkqp8huTwlJQCZ016jof/cbN4VW5Yz0=
gopkg.in/yaml.v3 v3.0.1 h1:fxVm/GzAzEWqLHuvctI91KS9hhNmmWOoWu0XTYJS7CA=
gopkg.in/yaml.v3 v3.0.1/go.mod h1:K4uyk7z7BCEPqu6E+C64Yfv1cQ7kz7rIZviUmN+EgEM=
